
Microsoft Visual Studio Solution File, Format Version 12.00
# Visual Studio Version 17
VisualStudioVersion = 17.11.35208.52
MinimumVisualStudioVersion = 10.0.40219.1
Project("{FAE04EC0-301F-11D3-BF4B-00C04F79EFBC}") = "WindowsFormsApp1", "WindowsFormsApp1\WindowsFormsApp1.csproj", "{D2221756-ECE2-434D-AAEB-28160682461D}"
EndProject
Global
	GlobalSection(SolutionConfigurationPlatforms) = preSolution
		Debug|Any CPU = Debug|Any CPU
		Release|Any CPU = Release|Any CPU
	EndGlobalSection
	GlobalSection(ProjectConfigurationPlatforms) = postSolution
		{D2221756-ECE2-434D-AAEB-28160682461D}.Debug|Any CPU.ActiveCfg = Debug|Any CPU
		{D2221756-ECE2-434D-AAEB-28160682461D}.Debug|Any CPU.Build.0 = Debug|Any CPU
		{D2221756-ECE2-434D-AAEB-28160682461D}.Release|Any CPU.ActiveCfg = Release|Any CPU
		{D2221756-ECE2-434D-AAEB-28160682461D}.Release|Any CPU.Build.0 = Release|Any CPU
	EndGlobalSection
	GlobalSection(SolutionProperties) = preSolution
		HideSolutionNode = FALSE
	EndGlobalSection
	GlobalSection(ExtensibilityGlobals) = postSolution
		SolutionGuid = {21DF6BD2-C300-4777-AA5F-F03BAFA77CE8}
	EndGlobalSection
EndGlobal
